
Microsoft Visual Studio Solution File, Format Version 11.00
# Visual Studio 2010
Project("{F184B08F-C81C-45F6-A57F-5ABD9991F28F}") = "ChipDesktopBuddy", "ChipDesktopBuddy\ChipDesktopBuddy.vbproj", "{5F25C379-369B-4532-A2A1-3941413291FD}"
EndProject
Global
	GlobalSection(SolutionConfigurationPlatforms) = preSolution
		Debug|Mixed Platforms = Debug|Mixed Platforms
		Debug|Win32 = Debug|Win32
		Debug|x86 = Debug|x86
		Release|Mixed Platforms = Release|Mixed Platforms
		Release|Win32 = Release|Win32
		Release|x86 = Release|x86
	EndGlobalSection
	GlobalSection(ProjectConfigurationPlatforms) = postSolution
		{5F25C379-369B-4532-A2A1-3941413291FD}.Debug|Mixed Platforms.ActiveCfg = Debug|x86
		{5F25C379-369B-4532-A2A1-3941413291FD}.Debug|Mixed Platforms.Build.0 = Debug|x86
		{5F25C379-369B-4532-A2A1-3941413291FD}.Debug|Win32.ActiveCfg = Debug|x86
		{5F25C379-369B-4532-A2A1-3941413291FD}.Debug|x86.ActiveCfg = Debug|x86
		{5F25C379-369B-4532-A2A1-3941413291FD}.Debug|x86.Build.0 = Debug|x86
		{5F25C379-369B-4532-A2A1-3941413291FD}.Release|Mixed Platforms.ActiveCfg = Release|x86
		{5F25C379-369B-4532-A2A1-3941413291FD}.Release|Mixed Platforms.Build.0 = Release|x86
		{5F25C379-369B-4532-A2A1-3941413291FD}.Release|Win32.ActiveCfg = Release|x86
		{5F25C379-369B-4532-A2A1-3941413291FD}.Release|x86.ActiveCfg = Release|x86
		{5F25C379-369B-4532-A2A1-3941413291FD}.Release|x86.Build.0 = Release|x86
	EndGlobalSection
	GlobalSection(SolutionProperties) = preSolution
		HideSolutionNode = FALSE
	EndGlobalSection
EndGlobal
